
Microsoft Visual Studio Solution File, Format Version 12.00
# Visual Studio Version 17
VisualStudioVersion = 17.14.36603.0 d17.14
MinimumVisualStudioVersion = 10.0.40219.1
Project("{FAE04EC0-301F-11D3-BF4B-00C04F79EFBC}") = "SmallERP", "SmallERP\SmallERP.csproj", "{EFD7BDDF-CE9B-4703-93EF-79B2D37D75EB}"
EndProject
Global
	GlobalSection(SolutionConfigurationPlatforms) = preSolution
		Debug|Any CPU = Debug|Any CPU
		Release|Any CPU = Release|Any CPU
	EndGlobalSection
	GlobalSection(ProjectConfigurationPlatforms) = postSolution
		{EFD7BDDF-CE9B-4703-93EF-79B2D37D75EB}.Debug|Any CPU.ActiveCfg = Debug|Any CPU
		{EFD7BDDF-CE9B-4703-93EF-79B2D37D75EB}.Debug|Any CPU.Build.0 = Debug|Any CPU
		{EFD7BDDF-CE9B-4703-93EF-79B2D37D75EB}.Release|Any CPU.ActiveCfg = Release|Any CPU
		{EFD7BDDF-CE9B-4703-93EF-79B2D37D75EB}.Release|Any CPU.Build.0 = Release|Any CPU
	EndGlobalSection
	GlobalSection(SolutionProperties) = preSolution
		HideSolutionNode = FALSE
	EndGlobalSection
	GlobalSection(ExtensibilityGlobals) = postSolution
		SolutionGuid = {B0D1764E-B102-4878-9DE8-054A5EF8509F}
	EndGlobalSection
EndGlobal
